{
  "name": "LMS",
  "lockfileVersion": 3,
  "requires": true,
  "packages": {
    "": {
      "dependencies": {
        "next-themes": "^0.3.0"
      }
    },
    "node_modules/next-themes": {
      "version": "0.3.0",
      "resolved": "https://registry.npmjs.org/next-themes/-/next-themes-0.3.0.tgz",
      "integrity": "sha512-/QHIrsYpd6Kfk7xakK4svpDI5mmXP0gfvCoJdGpZQ2TOrQZmsW0QxjaiLn8wbIKjtm4BTSqLoix4lxYYOnLJ/w==",
      "peerDependencies": {
        "react": "^16.8 || ^17 || ^18",
        "react-dom": "^16.8 || ^17 || ^18"
      }
    }
  }
}
